
Microsoft Visual Studio Solution File, Format Version 12.00
# Visual Studio Version 17
VisualStudioVersion = 17.14.37710.0
MinimumVisualStudioVersion = 10.0.40219.1
Project("{2150E333-8FDC-42A3-9474-1A3956D46DE8}") = "Task0", "Task0", "{02EA681E-C7D8-13C7-8484-4AC65E1B71E8}"
EndProject
Project("{FAE04EC0-301F-11D3-BF4B-00C04F79EFBC}") = "Tyuiu.SobyaninMI.Sprint0.Task0.V0", "Tyuiu.SobyaninMI.Sprint0.Task0.V0\Tyuiu.SobyaninMI.Sprint0.Task0.V0.csproj", "{BE11F1AE-0844-4A98-8628-196A7BF79EAF}"
EndProject
Project("{2150E333-8FDC-42A3-9474-1A3956D46DE8}") = "Task1", "Task1", "{248B9AFB-D4D5-44CD-BD24-CC9811473151}"
EndProject
Project("{FAE04EC0-301F-11D3-BF4B-00C04F79EFBC}") = "Tyuiu.SobyaninMI.Sprint0.Task1.V0", "Tyuiu.SobyaninMI.Sprint0.Task1.V0\Tyuiu.SobyaninMI.Sprint0.Task1.V0.csproj", "{C63DA456-7CAF-4C43-8BD0-8D61C54D5D84}"
EndProject
Project("{2150E333-8FDC-42A3-9474-1A3956D46DE8}") = "Task2", "Task2", "{7AA8E707-6822-4721-8C29-C13735482E04}"
EndProject
Project("{FAE04EC0-301F-11D3-BF4B-00C04F79EFBC}") = "Tyuiu.SobyaninMI.Sprint0.Task2.V0", "Tyuiu.SobyaninMI.Sprint0.Task2.V0\Tyuiu.SobyaninMI.Sprint0.Task2.V0.csproj", "{0E5F82F3-1E28-4FD3-9476-7CE8E82C19F2}"
EndProject
Project("{FAE04EC0-301F-11D3-BF4B-00C04F79EFBC}") = "Tyuiu.SobyaninMI.Sprint0.Task2.V0.Lib", "Tyuiu.SobyaninMI.Sprint0.Task2.V0.Lib\Tyuiu.SobyaninMI.Sprint0.Task2.V0.Lib.csproj", "{A69E6462-37ED-4ADA-AB1E-550461B77F5E}"
EndProject
Project("{FAE04EC0-301F-11D3-BF4B-00C04F79EFBC}") = "Tyuiu.SobyaninMI.Sprint0.Task2.V0.Test", "Tyuiu.SobyaninMI.Sprint0.Task2.V0.Test\Tyuiu.SobyaninMI.Sprint0.Task2.V0.Test.csproj", "{00F3384F-A933-4030-9B25-90C8A1313476}"
EndProject
Project("{2150E333-8FDC-42A3-9474-1A3956D46DE8}") = "Task3", "Task3", "{A8FF8688-F72E-4B6E-B2D3-80A421CC5813}"
EndProject
Project("{FAE04EC0-301F-11D3-BF4B-00C04F79EFBC}") = "Tyuiu.SobyaninMI.Sprint0.Task3.V0", "Tyuiu.SobyaninMI.Sprint0.Task3.V0\Tyuiu.SobyaninMI.Sprint0.Task3.V0.csproj", "{05F6C314-274D-4493-977A-AE620A5C1E17}"
EndProject
Project("{FAE04EC0-301F-11D3-BF4B-00C04F79EFBC}") = "Tyuiu.SobyaninMI.Sprint0.Task3.V0.Lib", "Tyuiu.SobyaninMI.Sprint0.Task3.V0.Lib\Tyuiu.SobyaninMI.Sprint0.Task3.V0.Lib.csproj", "{697E927F-EC3F-4836-B82D-AAF2E7FF876A}"
EndProject
Project("{FAE04EC0-301F-11D3-BF4B-00C04F79EFBC}") = "Tyuiu.SobyaninMI.Sprint0.Task3.V0.Test", "Tyuiu.SobyaninMI.Sprint0.Task3.V0.Test\Tyuiu.SobyaninMI.Sprint0.Task3.V0.Test.csproj", "{3CFECCA8-71E2-400E-9018-85904C6E752B}"
EndProject
Project("{2150E333-8FDC-42A3-9474-1A3956D46DE8}") = "Task4", "Task4", "{32012833-FC90-4BD8-866D-2390AB578603}"
EndProject
Project("{FAE04EC0-301F-11D3-BF4B-00C04F79EFBC}") = "Tyuiu.SobyaninMI.Sprint0.Task4.V0", "Tyuiu.SobyaninMI.Sprint0.Task4.V0\Tyuiu.SobyaninMI.Sprint0.Task4.V0.csproj", "{054E8745-8BD3-4EF4-83DB-B96AB583CE3E}"
EndProject
Project("{FAE04EC0-301F-11D3-BF4B-00C04F79EFBC}") = "Tyuiu.SobyaninMI.Sprint0.Task4.V0.Lib", "Tyuiu.SobyaninMI.Sprint0.Task4.V0.Lib\Tyuiu.SobyaninMI.Sprint0.Task4.V0.Lib.csproj", "{87437C0B-EB9C-4EE1-93EC-A0E2939871BD}"
EndProject
Project("{FAE04EC0-301F-11D3-BF4B-00C04F79EFBC}") = "Tyuiu.SobyaninMI.Sprint0.Task4.V0.Test", "Tyuiu.SobyaninMI.Sprint0.Task4.V0.Test\Tyuiu.SobyaninMI.Sprint0.Task4.V0.Test.csproj", "{DFA92003-E4DB-4FB4-896F-2B5693ECE86B}"
EndProject
Global
	GlobalSection(SolutionConfigurationPlatforms) = preSolution
		Debug|Any CPU = Debug|Any CPU
		Release|Any CPU = Release|Any CPU
	EndGlobalSection
	GlobalSection(ProjectConfigurationPlatforms) = postSolution
		{BE11F1AE-0844-4A98-8628-196A7BF79EAF}.Debug|Any CPU.ActiveCfg = Debug|Any CPU
		{BE11F1AE-0844-4A98-8628-196A7BF79EAF}.Debug|Any CPU.Build.0 = Debug|Any CPU
		{BE11F1AE-0844-4A98-8628-196A7BF79EAF}.Release|Any CPU.ActiveCfg = Release|Any CPU
		{BE11F1AE-0844-4A98-8628-196A7BF79EAF}.Release|Any CPU.Build.0 = Release|Any CPU
		{C63DA456-7CAF-4C43-8BD0-8D61C54D5D84}.Debug|Any CPU.ActiveCfg = Debug|Any CPU
		{C63DA456-7CAF-4C43-8BD0-8D61C54D5D84}.Debug|Any CPU.Build.0 = Debug|Any CPU
		{C63DA456-7CAF-4C43-8BD0-8D61C54D5D84}.Release|Any CPU.ActiveCfg = Release|Any CPU
		{C63DA456-7CAF-4C43-8BD0-8D61C54D5D84}.Release|Any CPU.Build.0 = Release|Any CPU
		{0E5F82F3-1E28-4FD3-9476-7CE8E82C19F2}.Debug|Any CPU.ActiveCfg = Debug|Any CPU
		{0E5F82F3-1E28-4FD3-9476-7CE8E82C19F2}.Debug|Any CPU.Build.0 = Debug|Any CPU
		{0E5F82F3-1E28-4FD3-9476-7CE8E82C19F2}.Release|Any CPU.ActiveCfg = Release|Any CPU
		{0E5F82F3-1E28-4FD3-9476-7CE8E82C19F2}.Release|Any CPU.Build.0 = Release|Any CPU
		{A69E6462-37ED-4ADA-AB1E-550461B77F5E}.Debug|Any CPU.ActiveCfg = Debug|Any CPU
		{A69E6462-37ED-4ADA-AB1E-550461B77F5E}.Debug|Any CPU.Build.0 = Debug|Any CPU
		{A69E6462-37ED-4ADA-AB1E-550461B77F5E}.Release|Any CPU.ActiveCfg = Release|Any CPU
		{A69E6462-37ED-4ADA-AB1E-550461B77F5E}.Release|Any CPU.Build.0 = Release|Any CPU
		{00F3384F-A933-4030-9B25-90C8A1313476}.Debug|Any CPU.ActiveCfg = Debug|Any CPU
		{00F3384F-A933-4030-9B25-90C8A1313476}.Debug|Any CPU.Build.0 = Debug|Any CPU
		{00F3384F-A933-4030-9B25-90C8A1313476}.Release|Any CPU.ActiveCfg = Release|Any CPU
		{00F3384F-A933-4030-9B25-90C8A1313476}.Release|Any CPU.Build.0 = Release|Any CPU
		{05F6C314-274D-4493-977A-AE620A5C1E17}.Debug|Any CPU.ActiveCfg = Debug|Any CPU
		{05F6C314-274D-4493-977A-AE620A5C1E17}.Debug|Any CPU.Build.0 = Debug|Any CPU
		{05F6C314-274D-4493-977A-AE620A5C1E17}.Release|Any CPU.ActiveCfg = Release|Any CPU
		{05F6C314-274D-4493-977A-AE620A5C1E17}.Release|Any CPU.Build.0 = Release|Any CPU
		{697E927F-EC3F-4836-B82D-AAF2E7FF876A}.Debug|Any CPU.ActiveCfg = Debug|Any CPU
		{697E927F-EC3F-4836-B82D-AAF2E7FF876A}.Debug|Any CPU.Build.0 = Debug|Any CPU
		{697E927F-EC3F-4836-B82D-AAF2E7FF876A}.Release|Any CPU.ActiveCfg = Release|Any CPU
		{697E927F-EC3F-4836-B82D-AAF2E7FF876A}.Release|Any CPU.Build.0 = Release|Any CPU
		{3CFECCA8-71E2-400E-9018-85904C6E752B}.Debug|Any CPU.ActiveCfg = Debug|Any CPU
		{3CFECCA8-71E2-400E-9018-85904C6E752B}.Debug|Any CPU.Build.0 = Debug|Any CPU
		{3CFECCA8-71E2-400E-9018-85904C6E752B}.Release|Any CPU.ActiveCfg = Release|Any CPU
		{3CFECCA8-71E2-400E-9018-85904C6E752B}.Release|Any CPU.Build.0 = Release|Any CPU
		{054E8745-8BD3-4EF4-83DB-B96AB583CE3E}.Debug|Any CPU.ActiveCfg = Debug|Any CPU
		{054E8745-8BD3-4EF4-83DB-B96AB583CE3E}.Debug|Any CPU.Build.0 = Debug|Any CPU
		{054E8745-8BD3-4EF4-83DB-B96AB583CE3E}.Release|Any CPU.ActiveCfg = Release|Any CPU
		{054E8745-8BD3-4EF4-83DB-B96AB583CE3E}.Release|Any CPU.Build.0 = Release|Any CPU
		{87437C0B-EB9C-4EE1-93EC-A0E2939871BD}.Debug|Any CPU.ActiveCfg = Debug|Any CPU
		{87437C0B-EB9C-4EE1-93EC-A0E2939871BD}.Debug|Any CPU.Build.0 = Debug|Any CPU
		{87437C0B-EB9C-4EE1-93EC-A0E2939871BD}.Release|Any CPU.ActiveCfg = Release|Any CPU
		{87437C0B-EB9C-4EE1-93EC-A0E2939871BD}.Release|Any CPU.Build.0 = Release|Any CPU
		{DFA92003-E4DB-4FB4-896F-2B5693ECE86B}.Debug|Any CPU.ActiveCfg = Debug|Any CPU
		{DFA92003-E4DB-4FB4-896F-2B5693ECE86B}.Debug|Any CPU.Build.0 = Debug|Any CPU
		{DFA92003-E4DB-4FB4-896F-2B5693ECE86B}.Release|Any CPU.ActiveCfg = Release|Any CPU
		{DFA92003-E4DB-4FB4-896F-2B5693ECE86B}.Release|Any CPU.Build.0 = Release|Any CPU
	EndGlobalSection
	GlobalSection(SolutionProperties) = preSolution
		HideSolutionNode = FALSE
	EndGlobalSection
	GlobalSection(NestedProjects) = preSolution
		{BE11F1AE-0844-4A98-8628-196A7BF79EAF} = {02EA681E-C7D8-13C7-8484-4AC65E1B71E8}
		{C63DA456-7CAF-4C43-8BD0-8D61C54D5D84} = {248B9AFB-D4D5-44CD-BD24-CC9811473151}
		{0E5F82F3-1E28-4FD3-9476-7CE8E82C19F2} = {7AA8E707-6822-4721-8C29-C13735482E04}
		{A69E6462-37ED-4ADA-AB1E-550461B77F5E} = {7AA8E707-6822-4721-8C29-C13735482E04}
		{00F3384F-A933-4030-9B25-90C8A1313476} = {7AA8E707-6822-4721-8C29-C13735482E04}
		{05F6C314-274D-4493-977A-AE620A5C1E17} = {A8FF8688-F72E-4B6E-B2D3-80A421CC5813}
		{697E927F-EC3F-4836-B82D-AAF2E7FF876A} = {A8FF8688-F72E-4B6E-B2D3-80A421CC5813}
		{3CFECCA8-71E2-400E-9018-85904C6E752B} = {A8FF8688-F72E-4B6E-B2D3-80A421CC5813}
		{054E8745-8BD3-4EF4-83DB-B96AB583CE3E} = {32012833-FC90-4BD8-866D-2390AB578603}
		{87437C0B-EB9C-4EE1-93EC-A0E2939871BD} = {32012833-FC90-4BD8-866D-2390AB578603}
		{DFA92003-E4DB-4FB4-896F-2B5693ECE86B} = {32012833-FC90-4BD8-866D-2390AB578603}
	EndGlobalSection
	GlobalSection(ExtensibilityGlobals) = postSolution
		SolutionGuid = {F902D7EA-419C-40D2-9BAE-63052DFC5F52}
	EndGlobalSection
EndGlobal
